{
  "name": "@rffgrayson/template-package",
  "version": "1.0.0",
  "lockfileVersion": 3,
  "requires": true,
  "packages": {
    "": {
      "name": "@rffgrayson/template-package",
      "version": "1.0.0",
      "license": "MIT",
      "dependencies": {
        "@rffgrayson/template-package": "^1.0.0"
      }
    },
    "node_modules/@rffgrayson/template-package": {
      "version": "1.0.0",
      "resolved": "https://registry.npmjs.org/@rffgrayson/template-package/-/template-package-1.0.0.tgz",
      "integrity": "sha512-/BB+p0rvLWF01xO1P8OyBE7N1SEXmNkJRIDz46mT98zp5lhdGog/dd4gGePnP1w4iGQzrV+z8E5+8y2SLsykVw==",
      "license": "MIT"
    }
  }
}
